{
  "version": 4,
  "terraform_version": "1.1.3",
  "serial": 24,
  "lineage": "0323a67f-f457-1f40-32a0-44822c548e26",
  "outputs": {
    "project_id": {
      "value": "saf-9-0ad8",
      "type": "string"
    },
    "service_account": {
      "value": "project-service-account@saf-9-0ad8.iam.gserviceaccount.com",
      "type": "string"
    }
  },
  "resources": [
    {
      "mode": "managed",
      "type": "google_compute_network",
      "name": "default",
      "provider": "provider[\"registry.terraform.io/hashicorp/google\"]",
      "instances": [
        {
          "schema_version": 0,
          "attributes": {
            "auto_create_subnetworks": true,
            "delete_default_routes_on_create": false,
            "description": "",
            "gateway_ipv4": "",
            "id": "projects/saf-9-0ad8/global/networks/default",
            "mtu": 1460,
            "name": "default",
            "project": "saf-9-0ad8",
            "routing_mode": "REGIONAL",
            "self_link": "https://www.googleapis.com/compute/v1/projects/saf-9-0ad8/global/networks/default",
            "timeouts": null
          },
          "sensitive_attributes": [],
          "private": "eyJlMmJmYjczMC1lY2FhLTExZTYtOGY4OC0zNDM2M2JjN2M0YzAiOnsiY3JlYXRlIjoyNDAwMDAwMDAwMDAsImRlbGV0ZSI6MjQwMDAwMDAwMDAwLCJ1cGRhdGUiOjI0MDAwMDAwMDAwMH19",
          "dependencies": [
            "module.project-factory.module.project-factory.google_compute_shared_vpc_host_project.shared_vpc_host",
            "module.project-factory.module.project-factory.google_compute_shared_vpc_service_project.shared_vpc_attachment",
            "module.project-factory.module.project-factory.google_project.main",
            "module.project-factory.module.project-factory.module.project_services.google_project_iam_member.project_service_identity_roles",
            "module.project-factory.module.project-factory.module.project_services.google_project_service.project_services",
            "module.project-factory.module.project-factory.module.project_services.google_project_service_identity.project_service_identities",
            "module.project-factory.module.project-factory.random_id.random_project_id_suffix"
          ]
        }
      ]
    },
    {
      "mode": "managed",
      "type": "google_project_iam_member",
      "name": "bigquery-binding",
      "provider": "provider[\"registry.terraform.io/hashicorp/google\"]",
      "instances": [
        {
          "schema_version": 0,
          "attributes": {
            "condition": [],
            "etag": "BwXWCRsG7ks=",
            "id": "saf-9-0ad8/roles/bigquery.dataEditor/serviceAccount:project-service-account@saf-9-0ad8.iam.gserviceaccount.com",
            "member": "serviceAccount:project-service-account@saf-9-0ad8.iam.gserviceaccount.com",
            "project": "saf-9-0ad8",
            "role": "roles/bigquery.dataEditor"
          },
          "sensitive_attributes": [],
          "private": "bnVsbA==",
          "dependencies": [
            "module.project-factory.module.project-factory.google_compute_shared_vpc_host_project.shared_vpc_host",
            "module.project-factory.module.project-factory.google_compute_shared_vpc_service_project.shared_vpc_attachment",
            "module.project-factory.module.project-factory.google_project.main",
            "module.project-factory.module.project-factory.google_service_account.default_service_account",
            "module.project-factory.module.project-factory.module.project_services.google_project_iam_member.project_service_identity_roles",
            "module.project-factory.module.project-factory.module.project_services.google_project_service.project_services",
            "module.project-factory.module.project-factory.module.project_services.google_project_service_identity.project_service_identities",
            "module.project-factory.module.project-factory.random_id.random_project_id_suffix"
          ]
        }
      ]
    },
    {
      "mode": "managed",
      "type": "google_project_iam_member",
      "name": "dataflow-binding",
      "provider": "provider[\"registry.terraform.io/hashicorp/google\"]",
      "instances": [
        {
          "schema_version": 0,
          "attributes": {
            "condition": [],
            "etag": "BwXWCRsG7ks=",
            "id": "saf-9-0ad8/roles/dataflow.worker/serviceAccount:project-service-account@saf-9-0ad8.iam.gserviceaccount.com",
            "member": "serviceAccount:project-service-account@saf-9-0ad8.iam.gserviceaccount.com",
            "project": "saf-9-0ad8",
            "role": "roles/dataflow.worker"
          },
          "sensitive_attributes": [],
          "private": "bnVsbA==",
          "dependencies": [
            "module.project-factory.module.project-factory.google_compute_shared_vpc_host_project.shared_vpc_host",
            "module.project-factory.module.project-factory.google_compute_shared_vpc_service_project.shared_vpc_attachment",
            "module.project-factory.module.project-factory.google_project.main",
            "module.project-factory.module.project-factory.google_service_account.default_service_account",
            "module.project-factory.module.project-factory.module.project_services.google_project_iam_member.project_service_identity_roles",
            "module.project-factory.module.project-factory.module.project_services.google_project_service.project_services",
            "module.project-factory.module.project-factory.module.project_services.google_project_service_identity.project_service_identities",
            "module.project-factory.module.project-factory.random_id.random_project_id_suffix"
          ]
        }
      ]
    },
    {
      "mode": "managed",
      "type": "google_project_iam_member",
      "name": "monitoring-binding",
      "provider": "provider[\"registry.terraform.io/hashicorp/google\"]",
      "instances": [
        {
          "schema_version": 0,
          "attributes": {
            "condition": [],
            "etag": "BwXWCRsG7ks=",
            "id": "saf-9-0ad8/roles/monitoring.metricWriter/serviceAccount:project-service-account@saf-9-0ad8.iam.gserviceaccount.com",
            "member": "serviceAccount:project-service-account@saf-9-0ad8.iam.gserviceaccount.com",
            "project": "saf-9-0ad8",
            "role": "roles/monitoring.metricWriter"
          },
          "sensitive_attributes": [],
          "private": "bnVsbA==",
          "dependencies": [
            "module.project-factory.module.project-factory.google_compute_shared_vpc_host_project.shared_vpc_host",
            "module.project-factory.module.project-factory.google_compute_shared_vpc_service_project.shared_vpc_attachment",
            "module.project-factory.module.project-factory.google_project.main",
            "module.project-factory.module.project-factory.google_service_account.default_service_account",
            "module.project-factory.module.project-factory.module.project_services.google_project_iam_member.project_service_identity_roles",
            "module.project-factory.module.project-factory.module.project_services.google_project_service.project_services",
            "module.project-factory.module.project-factory.module.project_services.google_project_service_identity.project_service_identities",
            "module.project-factory.module.project-factory.random_id.random_project_id_suffix"
          ]
        }
      ]
    },
    {
      "mode": "managed",
      "type": "google_project_iam_member",
      "name": "pubsub-binding",
      "provider": "provider[\"registry.terraform.io/hashicorp/google\"]",
      "instances": [
        {
          "schema_version": 0,
          "attributes": {
            "condition": [],
            "etag": "BwXWCRsG7ks=",
            "id": "saf-9-0ad8/roles/pubsub.editor/serviceAccount:project-service-account@saf-9-0ad8.iam.gserviceaccount.com",
            "member": "serviceAccount:project-service-account@saf-9-0ad8.iam.gserviceaccount.com",
            "project": "saf-9-0ad8",
            "role": "roles/pubsub.editor"
          },
          "sensitive_attributes": [],
          "private": "bnVsbA==",
          "dependencies": [
            "module.project-factory.module.project-factory.google_compute_shared_vpc_host_project.shared_vpc_host",
            "module.project-factory.module.project-factory.google_compute_shared_vpc_service_project.shared_vpc_attachment",
            "module.project-factory.module.project-factory.google_project.main",
            "module.project-factory.module.project-factory.google_service_account.default_service_account",
            "module.project-factory.module.project-factory.module.project_services.google_project_iam_member.project_service_identity_roles",
            "module.project-factory.module.project-factory.module.project_services.google_project_service.project_services",
            "module.project-factory.module.project-factory.module.project_services.google_project_service_identity.project_service_identities",
            "module.project-factory.module.project-factory.random_id.random_project_id_suffix"
          ]
        }
      ]
    },
    {
      "module": "module.compute-vm-external-ip-access",
      "mode": "managed",
      "type": "google_project_organization_policy",
      "name": "project_policy_list_allow_all",
      "provider": "provider[\"registry.terraform.io/hashicorp/google\"]",
      "instances": [
        {
          "index_key": 0,
          "schema_version": 0,
          "attributes": {
            "boolean_policy": [],
            "constraint": "constraints/compute.vmExternalIpAccess",
            "etag": "COSDp48GEJDfxe8B",
            "id": "saf-9-0ad8:constraints/compute.vmExternalIpAccess",
            "list_policy": [
              {
                "allow": [
                  {
                    "all": true,
                    "values": null
                  }
                ],
                "deny": [],
                "inherit_from_parent": false,
                "suggested_value": ""
              }
            ],
            "project": "saf-9-0ad8",
            "restore_policy": [],
            "timeouts": null,
            "update_time": "2022-01-20T20:11:16.502362Z",
            "version": 0
          },
          "sensitive_attributes": [],
          "private": "eyJlMmJmYjczMC1lY2FhLTExZTYtOGY4OC0zNDM2M2JjN2M0YzAiOnsiY3JlYXRlIjoyNDAwMDAwMDAwMDAsImRlbGV0ZSI6MjQwMDAwMDAwMDAwLCJyZWFkIjoyNDAwMDAwMDAwMDAsInVwZGF0ZSI6MjQwMDAwMDAwMDAwfX0=",
          "dependencies": [
            "module.project-factory.module.project-factory.google_compute_shared_vpc_host_project.shared_vpc_host",
            "module.project-factory.module.project-factory.google_compute_shared_vpc_service_project.shared_vpc_attachment",
            "module.project-factory.module.project-factory.google_project.main",
            "module.project-factory.module.project-factory.module.project_services.google_project_iam_member.project_service_identity_roles",
            "module.project-factory.module.project-factory.module.project_services.google_project_service.project_services",
            "module.project-factory.module.project-factory.module.project_services.google_project_service_identity.project_service_identities",
            "module.project-factory.module.project-factory.random_id.random_project_id_suffix"
          ]
        }
      ]
    },
    {
      "module": "module.compute-vm-required-shielded",
      "mode": "managed",
      "type": "google_project_organization_policy",
      "name": "project_policy_boolean",
      "provider": "provider[\"registry.terraform.io/hashicorp/google\"]",
      "instances": [
        {
          "index_key": 0,
          "schema_version": 0,
          "attributes": {
            "boolean_policy": [
              {
                "enforced": false
              }
            ],
            "constraint": "constraints/compute.requireShieldedVm",
            "etag": "COSDp48GELjGkKcC",
            "id": "saf-9-0ad8:constraints/compute.requireShieldedVm",
            "list_policy": [],
            "project": "saf-9-0ad8",
            "restore_policy": [],
            "timeouts": null,
            "update_time": "2022-01-20T20:11:16.618931Z",
            "version": 0
          },
          "sensitive_attributes": [],
          "private": "eyJlMmJmYjczMC1lY2FhLTExZTYtOGY4OC0zNDM2M2JjN2M0YzAiOnsiY3JlYXRlIjoyNDAwMDAwMDAwMDAsImRlbGV0ZSI6MjQwMDAwMDAwMDAwLCJyZWFkIjoyNDAwMDAwMDAwMDAsInVwZGF0ZSI6MjQwMDAwMDAwMDAwfX0=",
          "dependencies": [
            "module.project-factory.module.project-factory.google_compute_shared_vpc_host_project.shared_vpc_host",
            "module.project-factory.module.project-factory.google_compute_shared_vpc_service_project.shared_vpc_attachment",
            "module.project-factory.module.project-factory.google_project.main",
            "module.project-factory.module.project-factory.module.project_services.google_project_iam_member.project_service_identity_roles",
            "module.project-factory.module.project-factory.module.project_services.google_project_service.project_services",
            "module.project-factory.module.project-factory.module.project_services.google_project_service_identity.project_service_identities",
            "module.project-factory.module.project-factory.random_id.random_project_id_suffix"
          ]
        }
      ]
    },
    {
      "module": "module.functions-allowed-ingress",
      "mode": "managed",
      "type": "google_project_organization_policy",
      "name": "project_policy_list_allow_all",
      "provider": "provider[\"registry.terraform.io/hashicorp/google\"]",
      "instances": [
        {
          "index_key": 0,
          "schema_version": 0,
          "attributes": {
            "boolean_policy": [],
            "constraint": "constraints/cloudfunctions.allowedIngressSettings",
            "etag": "COSDp48GEOiSi4AD",
            "id": "saf-9-0ad8:constraints/cloudfunctions.allowedIngressSettings",
            "list_policy": [
              {
                "allow": [
                  {
                    "all": true,
                    "values": null
                  }
                ],
                "deny": [],
                "inherit_from_parent": false,
                "suggested_value": ""
              }
            ],
            "project": "saf-9-0ad8",
            "restore_policy": [],
            "timeouts": null,
            "update_time": "2022-01-20T20:11:16.805489Z",
            "version": 0
          },
          "sensitive_attributes": [],
          "private": "eyJlMmJmYjczMC1lY2FhLTExZTYtOGY4OC0zNDM2M2JjN2M0YzAiOnsiY3JlYXRlIjoyNDAwMDAwMDAwMDAsImRlbGV0ZSI6MjQwMDAwMDAwMDAwLCJyZWFkIjoyNDAwMDAwMDAwMDAsInVwZGF0ZSI6MjQwMDAwMDAwMDAwfX0=",
          "dependencies": [
            "module.project-factory.module.project-factory.google_compute_shared_vpc_host_project.shared_vpc_host",
            "module.project-factory.module.project-factory.google_compute_shared_vpc_service_project.shared_vpc_attachment",
            "module.project-factory.module.project-factory.google_project.main",
            "module.project-factory.module.project-factory.module.project_services.google_project_iam_member.project_service_identity_roles",
            "module.project-factory.module.project-factory.module.project_services.google_project_service.project_services",
            "module.project-factory.module.project-factory.module.project_services.google_project_service_identity.project_service_identities",
            "module.project-factory.module.project-factory.random_id.random_project_id_suffix"
          ]
        }
      ]
    },
    {
      "module": "module.project-factory.module.budget",
      "mode": "data",
      "type": "google_project",
      "name": "project",
      "provider": "provider[\"registry.terraform.io/hashicorp/google\"]",
      "instances": [
        {
          "index_key": 0,
          "schema_version": 0,
          "attributes": {
            "auto_create_network": null,
            "billing_account": "010DEE-1A67CA-054E3A",
            "folder_id": "",
            "id": "projects/saf-9-0ad8",
            "labels": {},
            "name": "saf-9",
            "number": "1087810792050",
            "org_id": "529148739755",
            "project_id": "saf-9-0ad8",
            "skip_delete": null
          },
          "sensitive_attributes": []
        }
      ]
    },
    {
      "module": "module.project-factory.module.project-factory",
      "mode": "managed",
      "type": "google_project",
      "name": "main",
      "provider": "provider[\"registry.terraform.io/hashicorp/google\"]",
      "instances": [
        {
          "schema_version": 1,
          "attributes": {
            "auto_create_network": true,
            "billing_account": "010DEE-1A67CA-054E3A",
            "folder_id": "",
            "id": "projects/saf-9-0ad8",
            "labels": null,
            "name": "saf-9",
            "number": "1087810792050",
            "org_id": "529148739755",
            "project_id": "saf-9-0ad8",
            "skip_delete": null,
            "timeouts": null
          },
          "sensitive_attributes": [],
          "private": "eyJlMmJmYjczMC1lY2FhLTExZTYtOGY4OC0zNDM2M2JjN2M0YzAiOnsiY3JlYXRlIjo2MDAwMDAwMDAwMDAsImRlbGV0ZSI6NjAwMDAwMDAwMDAwLCJyZWFkIjo2MDAwMDAwMDAwMDAsInVwZGF0ZSI6NjAwMDAwMDAwMDAwfSwic2NoZW1hX3ZlcnNpb24iOiIxIn0=",
          "dependencies": [
            "module.project-factory.module.project-factory.random_id.random_project_id_suffix"
          ]
        }
      ]
    },
    {
      "module": "module.project-factory.module.project-factory",
      "mode": "managed",
      "type": "google_project_default_service_accounts",
      "name": "default_service_accounts",
      "provider": "provider[\"registry.terraform.io/hashicorp/google\"]",
      "instances": [
        {
          "index_key": 0,
          "schema_version": 0,
          "attributes": {
            "action": "DISABLE",
            "id": "projects/saf-9-0ad8",
            "project": "saf-9-0ad8",
            "restore_policy": "REVERT_AND_IGNORE_FAILURE",
            "service_accounts": {
              "104823153334101107124": "1087810792050-compute@developer.gserviceaccount.com",
              "107743615155884075658": "saf-9-0ad8@appspot.gserviceaccount.com"
            },
            "timeouts": null
          },
          "sensitive_attributes": [],
          "private": "eyJlMmJmYjczMC1lY2FhLTExZTYtOGY4OC0zNDM2M2JjN2M0YzAiOnsiY3JlYXRlIjo2MDAwMDAwMDAwMDAsImRlbGV0ZSI6NjAwMDAwMDAwMDAwLCJyZWFkIjo2MDAwMDAwMDAwMDB9fQ==",
          "dependencies": [
            "module.project-factory.module.project-factory.google_project.main",
            "module.project-factory.module.project-factory.module.project_services.google_project_iam_member.project_service_identity_roles",
            "module.project-factory.module.project-factory.module.project_services.google_project_service.project_services",
            "module.project-factory.module.project-factory.module.project_services.google_project_service_identity.project_service_identities",
            "module.project-factory.module.project-factory.random_id.random_project_id_suffix"
          ]
        }
      ]
    },
    {
      "module": "module.project-factory.module.project-factory",
      "mode": "managed",
      "type": "google_service_account",
      "name": "default_service_account",
      "provider": "provider[\"registry.terraform.io/hashicorp/google\"]",
      "instances": [
        {
          "index_key": 0,
          "schema_version": 0,
          "attributes": {
            "account_id": "project-service-account",
            "description": "",
            "disabled": false,
            "display_name": "saf-9 Project Service Account",
            "email": "project-service-account@saf-9-0ad8.iam.gserviceaccount.com",
            "id": "projects/saf-9-0ad8/serviceAccounts/project-service-account@saf-9-0ad8.iam.gserviceaccount.com",
            "name": "projects/saf-9-0ad8/serviceAccounts/project-service-account@saf-9-0ad8.iam.gserviceaccount.com",
            "project": "saf-9-0ad8",
            "timeouts": null,
            "unique_id": "107308316254703337197"
          },
          "sensitive_attributes": [],
          "private": "eyJlMmJmYjczMC1lY2FhLTExZTYtOGY4OC0zNDM2M2JjN2M0YzAiOnsiY3JlYXRlIjozMDAwMDAwMDAwMDB9fQ==",
          "dependencies": [
            "module.project-factory.module.project-factory.google_project.main",
            "module.project-factory.module.project-factory.random_id.random_project_id_suffix"
          ]
        }
      ]
    },
    {
      "module": "module.project-factory.module.project-factory",
      "mode": "managed",
      "type": "random_id",
      "name": "random_project_id_suffix",
      "provider": "provider[\"registry.terraform.io/hashicorp/random\"]",
      "instances": [
        {
          "schema_version": 0,
          "attributes": {
            "b64": "Ctg",
            "b64_std": "Ctg=",
            "b64_url": "Ctg",
            "byte_length": 2,
            "dec": "2776",
            "hex": "0ad8",
            "id": "Ctg",
            "keepers": null,
            "prefix": null
          },
          "sensitive_attributes": [],
          "private": "bnVsbA=="
        }
      ]
    },
    {
      "module": "module.project-factory.module.project-factory.module.project_services",
      "mode": "managed",
      "type": "google_project_service",
      "name": "project_services",
      "provider": "provider[\"registry.terraform.io/hashicorp/google\"]",
      "instances": [
        {
          "index_key": "bigquery.googleapis.com",
          "schema_version": 0,
          "attributes": {
            "disable_dependent_services": true,
            "disable_on_destroy": true,
            "id": "saf-9-0ad8/bigquery.googleapis.com",
            "project": "saf-9-0ad8",
            "service": "bigquery.googleapis.com",
            "timeouts": null
          },
          "sensitive_attributes": [],
          "private": "eyJlMmJmYjczMC1lY2FhLTExZTYtOGY4OC0zNDM2M2JjN2M0YzAiOnsiY3JlYXRlIjoxMjAwMDAwMDAwMDAwLCJkZWxldGUiOjEyMDAwMDAwMDAwMDAsInJlYWQiOjYwMDAwMDAwMDAwMCwidXBkYXRlIjoxMjAwMDAwMDAwMDAwfX0=",
          "dependencies": [
            "module.project-factory.module.project-factory.google_project.main",
            "module.project-factory.module.project-factory.random_id.random_project_id_suffix"
          ]
        },
        {
          "index_key": "cloudbuild.googleapis.com",
          "schema_version": 0,
          "attributes": {
            "disable_dependent_services": true,
            "disable_on_destroy": true,
            "id": "saf-9-0ad8/cloudbuild.googleapis.com",
            "project": "saf-9-0ad8",
            "service": "cloudbuild.googleapis.com",
            "timeouts": null
          },
          "sensitive_attributes": [],
          "private": "eyJlMmJmYjczMC1lY2FhLTExZTYtOGY4OC0zNDM2M2JjN2M0YzAiOnsiY3JlYXRlIjoxMjAwMDAwMDAwMDAwLCJkZWxldGUiOjEyMDAwMDAwMDAwMDAsInJlYWQiOjYwMDAwMDAwMDAwMCwidXBkYXRlIjoxMjAwMDAwMDAwMDAwfX0=",
          "dependencies": [
            "module.project-factory.module.project-factory.google_project.main",
            "module.project-factory.module.project-factory.random_id.random_project_id_suffix"
          ]
        },
        {
          "index_key": "cloudfunctions.googleapis.com",
          "schema_version": 0,
          "attributes": {
            "disable_dependent_services": true,
            "disable_on_destroy": true,
            "id": "saf-9-0ad8/cloudfunctions.googleapis.com",
            "project": "saf-9-0ad8",
            "service": "cloudfunctions.googleapis.com",
            "timeouts": null
          },
          "sensitive_attributes": [],
          "private": "eyJlMmJmYjczMC1lY2FhLTExZTYtOGY4OC0zNDM2M2JjN2M0YzAiOnsiY3JlYXRlIjoxMjAwMDAwMDAwMDAwLCJkZWxldGUiOjEyMDAwMDAwMDAwMDAsInJlYWQiOjYwMDAwMDAwMDAwMCwidXBkYXRlIjoxMjAwMDAwMDAwMDAwfX0=",
          "dependencies": [
            "module.project-factory.module.project-factory.google_project.main",
            "module.project-factory.module.project-factory.random_id.random_project_id_suffix"
          ]
        },
        {
          "index_key": "dataflow.googleapis.com",
          "schema_version": 0,
          "attributes": {
            "disable_dependent_services": true,
            "disable_on_destroy": true,
            "id": "saf-9-0ad8/dataflow.googleapis.com",
            "project": "saf-9-0ad8",
            "service": "dataflow.googleapis.com",
            "timeouts": null
          },
          "sensitive_attributes": [],
          "private": "eyJlMmJmYjczMC1lY2FhLTExZTYtOGY4OC0zNDM2M2JjN2M0YzAiOnsiY3JlYXRlIjoxMjAwMDAwMDAwMDAwLCJkZWxldGUiOjEyMDAwMDAwMDAwMDAsInJlYWQiOjYwMDAwMDAwMDAwMCwidXBkYXRlIjoxMjAwMDAwMDAwMDAwfX0=",
          "dependencies": [
            "module.project-factory.module.project-factory.google_project.main",
            "module.project-factory.module.project-factory.random_id.random_project_id_suffix"
          ]
        },
        {
          "index_key": "dlp.googleapis.com",
          "schema_version": 0,
          "attributes": {
            "disable_dependent_services": true,
            "disable_on_destroy": true,
            "id": "saf-9-0ad8/dlp.googleapis.com",
            "project": "saf-9-0ad8",
            "service": "dlp.googleapis.com",
            "timeouts": null
          },
          "sensitive_attributes": [],
          "private": "eyJlMmJmYjczMC1lY2FhLTExZTYtOGY4OC0zNDM2M2JjN2M0YzAiOnsiY3JlYXRlIjoxMjAwMDAwMDAwMDAwLCJkZWxldGUiOjEyMDAwMDAwMDAwMDAsInJlYWQiOjYwMDAwMDAwMDAwMCwidXBkYXRlIjoxMjAwMDAwMDAwMDAwfX0=",
          "dependencies": [
            "module.project-factory.module.project-factory.google_project.main",
            "module.project-factory.module.project-factory.random_id.random_project_id_suffix"
          ]
        },
        {
          "index_key": "language.googleapis.com",
          "schema_version": 0,
          "attributes": {
            "disable_dependent_services": true,
            "disable_on_destroy": true,
            "id": "saf-9-0ad8/language.googleapis.com",
            "project": "saf-9-0ad8",
            "service": "language.googleapis.com",
            "timeouts": null
          },
          "sensitive_attributes": [],
          "private": "eyJlMmJmYjczMC1lY2FhLTExZTYtOGY4OC0zNDM2M2JjN2M0YzAiOnsiY3JlYXRlIjoxMjAwMDAwMDAwMDAwLCJkZWxldGUiOjEyMDAwMDAwMDAwMDAsInJlYWQiOjYwMDAwMDAwMDAwMCwidXBkYXRlIjoxMjAwMDAwMDAwMDAwfX0=",
          "dependencies": [
            "module.project-factory.module.project-factory.google_project.main",
            "module.project-factory.module.project-factory.random_id.random_project_id_suffix"
          ]
        },
        {
          "index_key": "monitoring.googleapis.com",
          "schema_version": 0,
          "attributes": {
            "disable_dependent_services": true,
            "disable_on_destroy": true,
            "id": "saf-9-0ad8/monitoring.googleapis.com",
            "project": "saf-9-0ad8",
            "service": "monitoring.googleapis.com",
            "timeouts": null
          },
          "sensitive_attributes": [],
          "private": "eyJlMmJmYjczMC1lY2FhLTExZTYtOGY4OC0zNDM2M2JjN2M0YzAiOnsiY3JlYXRlIjoxMjAwMDAwMDAwMDAwLCJkZWxldGUiOjEyMDAwMDAwMDAwMDAsInJlYWQiOjYwMDAwMDAwMDAwMCwidXBkYXRlIjoxMjAwMDAwMDAwMDAwfX0=",
          "dependencies": [
            "module.project-factory.module.project-factory.google_project.main",
            "module.project-factory.module.project-factory.random_id.random_project_id_suffix"
          ]
        },
        {
          "index_key": "speech.googleapis.com",
          "schema_version": 0,
          "attributes": {
            "disable_dependent_services": true,
            "disable_on_destroy": true,
            "id": "saf-9-0ad8/speech.googleapis.com",
            "project": "saf-9-0ad8",
            "service": "speech.googleapis.com",
            "timeouts": null
          },
          "sensitive_attributes": [],
          "private": "eyJlMmJmYjczMC1lY2FhLTExZTYtOGY4OC0zNDM2M2JjN2M0YzAiOnsiY3JlYXRlIjoxMjAwMDAwMDAwMDAwLCJkZWxldGUiOjEyMDAwMDAwMDAwMDAsInJlYWQiOjYwMDAwMDAwMDAwMCwidXBkYXRlIjoxMjAwMDAwMDAwMDAwfX0=",
          "dependencies": [
            "module.project-factory.module.project-factory.google_project.main",
            "module.project-factory.module.project-factory.random_id.random_project_id_suffix"
          ]
        }
      ]
    },
    {
      "module": "module.uniform-bucket-access",
      "mode": "managed",
      "type": "google_project_organization_policy",
      "name": "project_policy_boolean",
      "provider": "provider[\"registry.terraform.io/hashicorp/google\"]",
      "instances": [
        {
          "index_key": 0,
          "schema_version": 0,
          "attributes": {
            "boolean_policy": [
              {
                "enforced": false
              }
            ],
            "constraint": "constraints/storage.uniformBucketLevelAccess",
            "etag": "COWDp48GEKiH718=",
            "id": "saf-9-0ad8:constraints/storage.uniformBucketLevelAccess",
            "list_policy": [],
            "project": "saf-9-0ad8",
            "restore_policy": [],
            "timeouts": null,
            "update_time": "2022-01-20T20:11:17.201049Z",
            "version": 0
          },
          "sensitive_attributes": [],
          "private": "eyJlMmJmYjczMC1lY2FhLTExZTYtOGY4OC0zNDM2M2JjN2M0YzAiOnsiY3JlYXRlIjoyNDAwMDAwMDAwMDAsImRlbGV0ZSI6MjQwMDAwMDAwMDAwLCJyZWFkIjoyNDAwMDAwMDAwMDAsInVwZGF0ZSI6MjQwMDAwMDAwMDAwfX0=",
          "dependencies": [
            "module.project-factory.module.project-factory.google_compute_shared_vpc_host_project.shared_vpc_host",
            "module.project-factory.module.project-factory.google_compute_shared_vpc_service_project.shared_vpc_attachment",
            "module.project-factory.module.project-factory.google_project.main",
            "module.project-factory.module.project-factory.module.project_services.google_project_iam_member.project_service_identity_roles",
            "module.project-factory.module.project-factory.module.project_services.google_project_service.project_services",
            "module.project-factory.module.project-factory.module.project_services.google_project_service_identity.project_service_identities",
            "module.project-factory.module.project-factory.random_id.random_project_id_suffix"
          ]
        }
      ]
    }
  ]
}
