{
  "version": 4,
  "terraform_version": "1.1.3",
  "serial": 40,
  "lineage": "c7020085-4fa3-90de-a300-ec2d7c71b4a2",
  "outputs": {
    "audio_uploads_bucket": {
      "value": "saf-audio-8975c3eedbffdce7",
      "type": "string"
    },
    "dataflow_staging_bucket": {
      "value": "saf-dataflow-8975c3eedbffdce7",
      "type": "string"
    },
    "jsonstring": {
      "value": "{\"defaultEnvironment\":{},\"image\":\"gcr.io/saf-9-0ad8/saf:latest\",\"sdkInfo\":{\"language\":\"PYTHON\"}}",
      "type": "string"
    }
  },
  "resources": [
    {
      "mode": "data",
      "type": "archive_file",
      "name": "function_files",
      "provider": "provider[\"registry.terraform.io/hashicorp/archive\"]",
      "instances": [
        {
          "schema_version": 0,
          "attributes": {
            "excludes": null,
            "id": "0542ce624e324d0d507d6ee91a2214e86a0662b6",
            "output_base64sha256": "DP+Mq0Hg4B9HOIRFpvNUOokTw99roscFgtRQbnJJDeA=",
            "output_file_mode": null,
            "output_md5": "f012f7883474ebdcbb760c493b83e7f9",
            "output_path": "./function_zipfile/index.zip",
            "output_sha": "0542ce624e324d0d507d6ee91a2214e86a0662b6",
            "output_size": 46924827,
            "source": [],
            "source_content": null,
            "source_content_filename": null,
            "source_dir": "../../dataflow-contact-center-speech-analysis/saf-longrun-job-func",
            "source_file": null,
            "type": "zip"
          },
          "sensitive_attributes": []
        }
      ]
    },
    {
      "mode": "managed",
      "type": "google_bigquery_dataset",
      "name": "dataset",
      "provider": "provider[\"registry.terraform.io/hashicorp/google\"]",
      "instances": [
        {
          "schema_version": 0,
          "attributes": {
            "access": [
              {
                "domain": "",
                "group_by_email": "",
                "role": "OWNER",
                "special_group": "",
                "user_by_email": "admin@daveswersky.altostrat.com",
                "view": []
              },
              {
                "domain": "",
                "group_by_email": "",
                "role": "OWNER",
                "special_group": "projectOwners",
                "user_by_email": "",
                "view": []
              },
              {
                "domain": "",
                "group_by_email": "",
                "role": "READER",
                "special_group": "projectReaders",
                "user_by_email": "",
                "view": []
              },
              {
                "domain": "",
                "group_by_email": "",
                "role": "WRITER",
                "special_group": "projectWriters",
                "user_by_email": "",
                "view": []
              }
            ],
            "creation_time": 1642709809452,
            "dataset_id": "saf",
            "default_encryption_configuration": [],
            "default_partition_expiration_ms": 0,
            "default_table_expiration_ms": 0,
            "delete_contents_on_destroy": false,
            "description": "This is a test description",
            "etag": "lAKSiBdedDpHQu4iVi06Lw==",
            "friendly_name": "test",
            "id": "projects/saf-9-0ad8/datasets/saf",
            "labels": {},
            "last_modified_time": 1642709809452,
            "location": "US",
            "project": "saf-9-0ad8",
            "self_link": "https://bigquery.googleapis.com/bigquery/v2/projects/saf-9-0ad8/datasets/saf",
            "timeouts": null
          },
          "sensitive_attributes": [],
          "private": "eyJlMmJmYjczMC1lY2FhLTExZTYtOGY4OC0zNDM2M2JjN2M0YzAiOnsiY3JlYXRlIjoyNDAwMDAwMDAwMDAsImRlbGV0ZSI6MjQwMDAwMDAwMDAwLCJ1cGRhdGUiOjI0MDAwMDAwMDAwMH19"
        }
      ]
    },
    {
      "mode": "managed",
      "type": "google_cloudfunctions_function",
      "name": "function",
      "provider": "provider[\"registry.terraform.io/hashicorp/google\"]",
      "instances": [
        {
          "schema_version": 0,
          "attributes": {
            "available_memory_mb": 256,
            "build_environment_variables": null,
            "description": "SAF Cloud Function",
            "entry_point": "safLongRunJobFunc",
            "environment_variables": {},
            "event_trigger": [
              {
                "event_type": "google.storage.object.finalize",
                "failure_policy": [
                  {
                    "retry": false
                  }
                ],
                "resource": "projects/saf-9-0ad8/buckets/saf-audio-8975c3eedbffdce7"
              }
            ],
            "https_trigger_url": null,
            "id": "projects/saf-9-0ad8/locations/us-central1/functions/safLongRunJobFunc",
            "ingress_settings": "ALLOW_ALL",
            "labels": {},
            "max_instances": 0,
            "min_instances": 0,
            "name": "safLongRunJobFunc",
            "project": "saf-9-0ad8",
            "region": "us-central1",
            "runtime": "nodejs16",
            "service_account_email": "project-service-account@saf-9-0ad8.iam.gserviceaccount.com",
            "source_archive_bucket": "saf-function-source-8975c3eedbffdce7",
            "source_archive_object": "index.zip",
            "source_repository": [],
            "timeout": 60,
            "timeouts": null,
            "trigger_http": null,
            "vpc_connector": "",
            "vpc_connector_egress_settings": ""
          },
          "sensitive_attributes": [],
          "private": "eyJlMmJmYjczMC1lY2FhLTExZTYtOGY4OC0zNDM2M2JjN2M0YzAiOnsiY3JlYXRlIjozMDAwMDAwMDAwMDAsImRlbGV0ZSI6MzAwMDAwMDAwMDAwLCJyZWFkIjozMDAwMDAwMDAwMDAsInVwZGF0ZSI6MzAwMDAwMDAwMDAwfX0=",
          "dependencies": [
            "google_storage_bucket.audio_uploads_bucket",
            "google_storage_bucket.function_bucket",
            "google_storage_bucket_object.archive",
            "random_id.bucket_id",
            "data.archive_file.function_files"
          ]
        }
      ]
    },
    {
      "mode": "managed",
      "type": "google_dataflow_flex_template_job",
      "name": "big_data_job",
      "provider": "provider[\"registry.terraform.io/hashicorp/google-beta\"]",
      "instances": [
        {
          "schema_version": 0,
          "attributes": {
            "container_spec_gcs_path": "gs://saf-flextemplate-8975c3eedbffdce7/template.json",
            "id": "2022-01-20_14_09_10-10722710716313467226",
            "job_id": "2022-01-20_14_09_10-10722710716313467226",
            "labels": null,
            "name": "saf-8975c3eedbffdce7",
            "on_delete": "cancel",
            "parameters": {
              "input_topic": "projects/saf-9-0ad8/topics/saf_topic",
              "output_bigquery": "saf.transcripts",
              "region": "us-central1",
              "service_account_email": "project-service-account@saf-9-0ad8.iam.gserviceaccount.com",
              "temp_location": "gs://saf-dataflow-8975c3eedbffdce7/tmp"
            },
            "project": "saf-9-0ad8",
            "region": "us-central1",
            "state": "JOB_STATE_QUEUED"
          },
          "sensitive_attributes": [],
          "private": "bnVsbA==",
          "dependencies": [
            "google_storage_bucket.dataflow_staging_bucket",
            "google_storage_bucket.flextemplate_bucket",
            "google_storage_bucket_object.template",
            "module.gcloud.data.external.env_override",
            "module.gcloud.null_resource.additional_components",
            "module.gcloud.null_resource.additional_components_destroy",
            "module.gcloud.null_resource.decompress",
            "module.gcloud.null_resource.decompress_destroy",
            "module.gcloud.null_resource.download_gcloud",
            "module.gcloud.null_resource.download_jq",
            "module.gcloud.null_resource.gcloud_auth_google_credentials",
            "module.gcloud.null_resource.gcloud_auth_google_credentials_destroy",
            "module.gcloud.null_resource.gcloud_auth_service_account_key_file",
            "module.gcloud.null_resource.gcloud_auth_service_account_key_file_destroy",
            "module.gcloud.null_resource.module_depends_on",
            "module.gcloud.null_resource.prepare_cache",
            "module.gcloud.null_resource.run_command",
            "module.gcloud.null_resource.run_destroy_command",
            "module.gcloud.null_resource.upgrade",
            "module.gcloud.null_resource.upgrade_destroy",
            "module.gcloud.random_id.cache",
            "random_id.bucket_id"
          ]
        }
      ]
    },
    {
      "mode": "managed",
      "type": "google_pubsub_topic",
      "name": "saf_topic",
      "provider": "provider[\"registry.terraform.io/hashicorp/google\"]",
      "instances": [
        {
          "schema_version": 0,
          "attributes": {
            "id": "projects/saf-9-0ad8/topics/saf_topic",
            "kms_key_name": "",
            "labels": {},
            "message_retention_duration": "",
            "message_storage_policy": [],
            "name": "saf_topic",
            "project": "saf-9-0ad8",
            "schema_settings": [],
            "timeouts": null
          },
          "sensitive_attributes": [],
          "private": "eyJlMmJmYjczMC1lY2FhLTExZTYtOGY4OC0zNDM2M2JjN2M0YzAiOnsiY3JlYXRlIjozNjAwMDAwMDAwMDAsImRlbGV0ZSI6MjQwMDAwMDAwMDAwLCJ1cGRhdGUiOjM2MDAwMDAwMDAwMH19"
        }
      ]
    },
    {
      "mode": "managed",
      "type": "google_storage_bucket",
      "name": "audio_uploads_bucket",
      "provider": "provider[\"registry.terraform.io/hashicorp/google\"]",
      "instances": [
        {
          "schema_version": 0,
          "attributes": {
            "cors": [],
            "default_event_based_hold": false,
            "encryption": [],
            "force_destroy": false,
            "id": "saf-audio-8975c3eedbffdce7",
            "labels": {},
            "lifecycle_rule": [],
            "location": "US",
            "logging": [],
            "name": "saf-audio-8975c3eedbffdce7",
            "project": "saf-9-0ad8",
            "requester_pays": false,
            "retention_policy": [],
            "self_link": "https://www.googleapis.com/storage/v1/b/saf-audio-8975c3eedbffdce7",
            "storage_class": "STANDARD",
            "timeouts": null,
            "uniform_bucket_level_access": false,
            "url": "gs://saf-audio-8975c3eedbffdce7",
            "versioning": [],
            "website": []
          },
          "sensitive_attributes": [],
          "private": "eyJlMmJmYjczMC1lY2FhLTExZTYtOGY4OC0zNDM2M2JjN2M0YzAiOnsiY3JlYXRlIjoyNDAwMDAwMDAwMDAsInJlYWQiOjI0MDAwMDAwMDAwMCwidXBkYXRlIjoyNDAwMDAwMDAwMDB9fQ==",
          "dependencies": [
            "random_id.bucket_id"
          ]
        }
      ]
    },
    {
      "mode": "managed",
      "type": "google_storage_bucket",
      "name": "dataflow_staging_bucket",
      "provider": "provider[\"registry.terraform.io/hashicorp/google\"]",
      "instances": [
        {
          "schema_version": 0,
          "attributes": {
            "cors": [],
            "default_event_based_hold": false,
            "encryption": [],
            "force_destroy": false,
            "id": "saf-dataflow-8975c3eedbffdce7",
            "labels": {},
            "lifecycle_rule": [],
            "location": "US",
            "logging": [],
            "name": "saf-dataflow-8975c3eedbffdce7",
            "project": "saf-9-0ad8",
            "requester_pays": false,
            "retention_policy": [],
            "self_link": "https://www.googleapis.com/storage/v1/b/saf-dataflow-8975c3eedbffdce7",
            "storage_class": "STANDARD",
            "timeouts": null,
            "uniform_bucket_level_access": false,
            "url": "gs://saf-dataflow-8975c3eedbffdce7",
            "versioning": [],
            "website": []
          },
          "sensitive_attributes": [],
          "private": "eyJlMmJmYjczMC1lY2FhLTExZTYtOGY4OC0zNDM2M2JjN2M0YzAiOnsiY3JlYXRlIjoyNDAwMDAwMDAwMDAsInJlYWQiOjI0MDAwMDAwMDAwMCwidXBkYXRlIjoyNDAwMDAwMDAwMDB9fQ==",
          "dependencies": [
            "random_id.bucket_id"
          ]
        }
      ]
    },
    {
      "mode": "managed",
      "type": "google_storage_bucket",
      "name": "flextemplate_bucket",
      "provider": "provider[\"registry.terraform.io/hashicorp/google\"]",
      "instances": [
        {
          "schema_version": 0,
          "attributes": {
            "cors": [],
            "default_event_based_hold": false,
            "encryption": [],
            "force_destroy": false,
            "id": "saf-flextemplate-8975c3eedbffdce7",
            "labels": {},
            "lifecycle_rule": [],
            "location": "US",
            "logging": [],
            "name": "saf-flextemplate-8975c3eedbffdce7",
            "project": "saf-9-0ad8",
            "requester_pays": false,
            "retention_policy": [],
            "self_link": "https://www.googleapis.com/storage/v1/b/saf-flextemplate-8975c3eedbffdce7",
            "storage_class": "STANDARD",
            "timeouts": null,
            "uniform_bucket_level_access": false,
            "url": "gs://saf-flextemplate-8975c3eedbffdce7",
            "versioning": [],
            "website": []
          },
          "sensitive_attributes": [],
          "private": "eyJlMmJmYjczMC1lY2FhLTExZTYtOGY4OC0zNDM2M2JjN2M0YzAiOnsiY3JlYXRlIjoyNDAwMDAwMDAwMDAsInJlYWQiOjI0MDAwMDAwMDAwMCwidXBkYXRlIjoyNDAwMDAwMDAwMDB9fQ==",
          "dependencies": [
            "random_id.bucket_id"
          ]
        }
      ]
    },
    {
      "mode": "managed",
      "type": "google_storage_bucket",
      "name": "function_bucket",
      "provider": "provider[\"registry.terraform.io/hashicorp/google\"]",
      "instances": [
        {
          "schema_version": 0,
          "attributes": {
            "cors": [],
            "default_event_based_hold": false,
            "encryption": [],
            "force_destroy": false,
            "id": "saf-function-source-8975c3eedbffdce7",
            "labels": {},
            "lifecycle_rule": [],
            "location": "US",
            "logging": [],
            "name": "saf-function-source-8975c3eedbffdce7",
            "project": "saf-9-0ad8",
            "requester_pays": false,
            "retention_policy": [],
            "self_link": "https://www.googleapis.com/storage/v1/b/saf-function-source-8975c3eedbffdce7",
            "storage_class": "STANDARD",
            "timeouts": null,
            "uniform_bucket_level_access": false,
            "url": "gs://saf-function-source-8975c3eedbffdce7",
            "versioning": [],
            "website": []
          },
          "sensitive_attributes": [],
          "private": "eyJlMmJmYjczMC1lY2FhLTExZTYtOGY4OC0zNDM2M2JjN2M0YzAiOnsiY3JlYXRlIjoyNDAwMDAwMDAwMDAsInJlYWQiOjI0MDAwMDAwMDAwMCwidXBkYXRlIjoyNDAwMDAwMDAwMDB9fQ==",
          "dependencies": [
            "random_id.bucket_id"
          ]
        }
      ]
    },
    {
      "mode": "managed",
      "type": "google_storage_bucket_iam_member",
      "name": "audio_member",
      "provider": "provider[\"registry.terraform.io/hashicorp/google\"]",
      "instances": [
        {
          "schema_version": 0,
          "attributes": {
            "bucket": "b/saf-audio-8975c3eedbffdce7",
            "condition": [],
            "etag": "CAM=",
            "id": "b/saf-audio-8975c3eedbffdce7/roles/storage.admin/serviceAccount:project-service-account@saf-9-0ad8.iam.gserviceaccount.com",
            "member": "serviceAccount:project-service-account@saf-9-0ad8.iam.gserviceaccount.com",
            "role": "roles/storage.admin"
          },
          "sensitive_attributes": [],
          "private": "bnVsbA==",
          "dependencies": [
            "google_storage_bucket.audio_uploads_bucket",
            "random_id.bucket_id"
          ]
        }
      ]
    },
    {
      "mode": "managed",
      "type": "google_storage_bucket_iam_member",
      "name": "dataflow_member",
      "provider": "provider[\"registry.terraform.io/hashicorp/google\"]",
      "instances": [
        {
          "schema_version": 0,
          "attributes": {
            "bucket": "b/saf-dataflow-8975c3eedbffdce7",
            "condition": [],
            "etag": "CAI=",
            "id": "b/saf-dataflow-8975c3eedbffdce7/roles/storage.admin/serviceAccount:project-service-account@saf-9-0ad8.iam.gserviceaccount.com",
            "member": "serviceAccount:project-service-account@saf-9-0ad8.iam.gserviceaccount.com",
            "role": "roles/storage.admin"
          },
          "sensitive_attributes": [],
          "private": "bnVsbA==",
          "dependencies": [
            "google_storage_bucket.dataflow_staging_bucket",
            "random_id.bucket_id"
          ]
        }
      ]
    },
    {
      "mode": "managed",
      "type": "google_storage_bucket_iam_member",
      "name": "flextemplate_member",
      "provider": "provider[\"registry.terraform.io/hashicorp/google\"]",
      "instances": [
        {
          "schema_version": 0,
          "attributes": {
            "bucket": "b/saf-flextemplate-8975c3eedbffdce7",
            "condition": [],
            "etag": "CAI=",
            "id": "b/saf-flextemplate-8975c3eedbffdce7/roles/storage.admin/serviceAccount:project-service-account@saf-9-0ad8.iam.gserviceaccount.com",
            "member": "serviceAccount:project-service-account@saf-9-0ad8.iam.gserviceaccount.com",
            "role": "roles/storage.admin"
          },
          "sensitive_attributes": [],
          "private": "bnVsbA==",
          "dependencies": [
            "google_storage_bucket.flextemplate_bucket",
            "random_id.bucket_id"
          ]
        }
      ]
    },
    {
      "mode": "managed",
      "type": "google_storage_bucket_object",
      "name": "archive",
      "provider": "provider[\"registry.terraform.io/hashicorp/google\"]",
      "instances": [
        {
          "schema_version": 0,
          "attributes": {
            "bucket": "saf-function-source-8975c3eedbffdce7",
            "cache_control": "",
            "content": null,
            "content_disposition": "",
            "content_encoding": "",
            "content_language": "",
            "content_type": "application/zip",
            "crc32c": "0fLhMA==",
            "customer_encryption": [],
            "detect_md5hash": "8BL3iDR069y7dgxJO4Pn+Q==",
            "event_based_hold": false,
            "id": "saf-function-source-8975c3eedbffdce7-index.zip",
            "kms_key_name": "",
            "md5hash": "8BL3iDR069y7dgxJO4Pn+Q==",
            "media_link": "https://storage.googleapis.com/download/storage/v1/b/saf-function-source-8975c3eedbffdce7/o/index.zip?generation=1642716555005108\u0026alt=media",
            "metadata": null,
            "name": "index.zip",
            "output_name": "index.zip",
            "self_link": "https://www.googleapis.com/storage/v1/b/saf-function-source-8975c3eedbffdce7/o/index.zip",
            "source": "./function_zipfile/index.zip",
            "storage_class": "STANDARD",
            "temporary_hold": false,
            "timeouts": null
          },
          "sensitive_attributes": [],
          "private": "eyJlMmJmYjczMC1lY2FhLTExZTYtOGY4OC0zNDM2M2JjN2M0YzAiOnsiY3JlYXRlIjoyNDAwMDAwMDAwMDAsImRlbGV0ZSI6MjQwMDAwMDAwMDAwLCJ1cGRhdGUiOjI0MDAwMDAwMDAwMH19",
          "dependencies": [
            "google_storage_bucket.function_bucket"
          ]
        }
      ]
    },
    {
      "mode": "managed",
      "type": "google_storage_bucket_object",
      "name": "template",
      "provider": "provider[\"registry.terraform.io/hashicorp/google\"]",
      "instances": [
        {
          "schema_version": 0,
          "attributes": {
            "bucket": "saf-flextemplate-8975c3eedbffdce7",
            "cache_control": "",
            "content": null,
            "content_disposition": "",
            "content_encoding": "",
            "content_language": "",
            "content_type": "text/plain; charset=utf-8",
            "crc32c": "KOrVuQ==",
            "customer_encryption": [],
            "detect_md5hash": "Zw9Ni7MZoQ6buyoqsQ3W6g==",
            "event_based_hold": false,
            "id": "saf-flextemplate-8975c3eedbffdce7-template.json",
            "kms_key_name": "",
            "md5hash": "Zw9Ni7MZoQ6buyoqsQ3W6g==",
            "media_link": "https://storage.googleapis.com/download/storage/v1/b/saf-flextemplate-8975c3eedbffdce7/o/template.json?generation=1642709810333492\u0026alt=media",
            "metadata": {},
            "name": "template.json",
            "output_name": "template.json",
            "self_link": "https://www.googleapis.com/storage/v1/b/saf-flextemplate-8975c3eedbffdce7/o/template.json",
            "source": "./template.json",
            "storage_class": "STANDARD",
            "temporary_hold": false,
            "timeouts": null
          },
          "sensitive_attributes": [],
          "private": "eyJlMmJmYjczMC1lY2FhLTExZTYtOGY4OC0zNDM2M2JjN2M0YzAiOnsiY3JlYXRlIjoyNDAwMDAwMDAwMDAsImRlbGV0ZSI6MjQwMDAwMDAwMDAwLCJ1cGRhdGUiOjI0MDAwMDAwMDAwMH19",
          "dependencies": [
            "google_storage_bucket.flextemplate_bucket",
            "random_id.bucket_id"
          ]
        }
      ]
    },
    {
      "mode": "managed",
      "type": "local_file",
      "name": "jsonfile",
      "provider": "provider[\"registry.terraform.io/hashicorp/local\"]",
      "instances": [
        {
          "schema_version": 0,
          "attributes": {
            "content": "{\"defaultEnvironment\":{},\"image\":\"gcr.io/saf-9-0ad8/saf:latest\",\"sdkInfo\":{\"language\":\"PYTHON\"}}",
            "content_base64": null,
            "directory_permission": "0777",
            "file_permission": "0777",
            "filename": "./template.json",
            "id": "548928059a55219ff43534c01161164ea57e9426",
            "sensitive_content": null,
            "source": null
          },
          "sensitive_attributes": [],
          "private": "bnVsbA=="
        }
      ]
    },
    {
      "mode": "managed",
      "type": "random_id",
      "name": "bucket_id",
      "provider": "provider[\"registry.terraform.io/hashicorp/random\"]",
      "instances": [
        {
          "schema_version": 0,
          "attributes": {
            "b64_std": "iXXD7tv/3Oc=",
            "b64_url": "iXXD7tv_3Oc",
            "byte_length": 8,
            "dec": "9905038386131885287",
            "hex": "8975c3eedbffdce7",
            "id": "iXXD7tv_3Oc",
            "keepers": null,
            "prefix": null
          },
          "sensitive_attributes": [],
          "private": "bnVsbA=="
        }
      ]
    },
    {
      "module": "module.gcloud",
      "mode": "data",
      "type": "external",
      "name": "env_override",
      "provider": "provider[\"registry.terraform.io/hashicorp/external\"]",
      "instances": [
        {
          "index_key": 0,
          "schema_version": 0,
          "attributes": {
            "id": "-",
            "program": [
              ".terraform/modules/gcloud/scripts/check_env.sh"
            ],
            "query": null,
            "result": {
              "download": ""
            },
            "working_dir": null
          },
          "sensitive_attributes": []
        }
      ]
    },
    {
      "module": "module.gcloud",
      "mode": "managed",
      "type": "null_resource",
      "name": "run_command",
      "provider": "provider[\"registry.terraform.io/hashicorp/null\"]",
      "instances": [
        {
          "index_key": 0,
          "schema_version": 0,
          "attributes": {
            "id": "3269644282890498329",
            "triggers": {
              "arguments": "caf0c69b3b21967b9df9ca18432f7202",
              "create_cmd_body": "builds submit --tag gcr.io/saf-9-0ad8/saf:latest ../../dataflow-contact-center-speech-analysis/saf-longrun-job-dataflow",
              "create_cmd_entrypoint": "gcloud",
              "gcloud_bin_abs_path": "/google-cloud-sdk/bin",
              "md5": "7f22bf39aaf5ce5980111c3587bef5b5"
            }
          },
          "sensitive_attributes": [],
          "private": "bnVsbA==",
          "dependencies": [
            "module.gcloud.null_resource.upgrade",
            "module.gcloud.data.external.env_override",
            "module.gcloud.null_resource.additional_components",
            "module.gcloud.null_resource.decompress",
            "module.gcloud.null_resource.download_gcloud",
            "module.gcloud.null_resource.download_jq",
            "module.gcloud.null_resource.module_depends_on",
            "module.gcloud.null_resource.prepare_cache",
            "module.gcloud.random_id.cache",
            "module.gcloud.null_resource.gcloud_auth_google_credentials",
            "module.gcloud.null_resource.gcloud_auth_service_account_key_file"
          ]
        }
      ]
    },
    {
      "module": "module.gcloud",
      "mode": "managed",
      "type": "null_resource",
      "name": "run_destroy_command",
      "provider": "provider[\"registry.terraform.io/hashicorp/null\"]",
      "instances": [
        {
          "index_key": 0,
          "schema_version": 0,
          "attributes": {
            "id": "4669316113333331597",
            "triggers": {
              "destroy_cmd_body": "info",
              "destroy_cmd_entrypoint": "gcloud",
              "gcloud_bin_abs_path": "/google-cloud-sdk/bin"
            }
          },
          "sensitive_attributes": [],
          "private": "bnVsbA==",
          "dependencies": [
            "module.gcloud.null_resource.upgrade",
            "module.gcloud.null_resource.additional_components",
            "module.gcloud.null_resource.download_jq",
            "module.gcloud.null_resource.download_gcloud",
            "module.gcloud.null_resource.gcloud_auth_google_credentials",
            "module.gcloud.null_resource.gcloud_auth_service_account_key_file",
            "module.gcloud.null_resource.module_depends_on",
            "module.gcloud.null_resource.prepare_cache",
            "module.gcloud.random_id.cache",
            "module.gcloud.data.external.env_override",
            "module.gcloud.null_resource.decompress"
          ]
        }
      ]
    }
  ]
}
